
Microsoft Visual Studio Solution File, Format Version 12.00
# Visual Studio Version 17
VisualStudioVersion = 17.8.34408.163
MinimumVisualStudioVersion = 10.0.40219.1
Project("{2150E333-8FDC-42A3-9474-1A3956D46DE8}") = "Doc", "Doc", "{689DFC3D-A50D-4FFD-87DE-6EF63A771A61}"
EndProject
Project("{2150E333-8FDC-42A3-9474-1A3956D46DE8}") = "Test", "Test", "{DF5F241E-E544-4FF0-AEB9-BAC60DAF213A}"
EndProject
Project("{2150E333-8FDC-42A3-9474-1A3956D46DE8}") = "Src", "Src", "{43044155-22BA-4417-B38F-CE59527C5317}"
EndProject
Project("{2150E333-8FDC-42A3-9474-1A3956D46DE8}") = "Core", "Core", "{CC4A3B43-3EE5-49F3-8830-DEAD2C609981}"
EndProject
Project("{2150E333-8FDC-42A3-9474-1A3956D46DE8}") = "Infrastructure", "Infrastructure", "{C5735C4E-975A-457C-9D8B-BD1A09C7A941}"
EndProject
Project("{2150E333-8FDC-42A3-9474-1A3956D46DE8}") = "Common", "Common", "{8D73569C-CC5D-43D6-B9E3-80F5BABAC56C}"
EndProject
Project("{2150E333-8FDC-42A3-9474-1A3956D46DE8}") = "Presentation", "Presentation", "{248CD6FB-CCDE-4090-A68C-BDE5053FA72C}"
EndProject
Project("{FAE04EC0-301F-11D3-BF4B-00C04F79EFBC}") = "MyStore.Domian", "MyStore.Domian\MyStore.Domian.csproj", "{2C71B92D-3A30-4B37-BB6D-4E7BA55A99D7}"
EndProject
Project("{FAE04EC0-301F-11D3-BF4B-00C04F79EFBC}") = "MyStore.Application", "MyStore.Application\MyStore.Application.csproj", "{70BA1E4C-B86E-4F57-8B6D-EB9EA3E5C0D2}"
EndProject
Project("{FAE04EC0-301F-11D3-BF4B-00C04F79EFBC}") = "MyStore.Infrastructure", "MyStore.Infrastructure\MyStore.Infrastructure.csproj", "{92DB81E1-0367-4A4C-A259-BDF2D18C3964}"
EndProject
Project("{FAE04EC0-301F-11D3-BF4B-00C04F79EFBC}") = "MyStore.Persistance", "MyStore.Persistance\MyStore.Persistance.csproj", "{6DCE95FC-ECAB-4AA4-97E5-35CA6B31CC06}"
EndProject
Project("{FAE04EC0-301F-11D3-BF4B-00C04F79EFBC}") = "MyStore.Common", "MyStore.Common\MyStore.Common.csproj", "{B1A78125-B785-4BBD-B69C-9507BCA8E78B}"
EndProject
Project("{FAE04EC0-301F-11D3-BF4B-00C04F79EFBC}") = "EndPoint.Site", "EndPoint.Site\EndPoint.Site.csproj", "{689A81F8-1651-47A6-8C1C-A0A04BDC839D}"
EndProject
Global
	GlobalSection(SolutionConfigurationPlatforms) = preSolution
		Debug|Any CPU = Debug|Any CPU
		Release|Any CPU = Release|Any CPU
	EndGlobalSection
	GlobalSection(ProjectConfigurationPlatforms) = postSolution
		{2C71B92D-3A30-4B37-BB6D-4E7BA55A99D7}.Debug|Any CPU.ActiveCfg = Debug|Any CPU
		{2C71B92D-3A30-4B37-BB6D-4E7BA55A99D7}.Debug|Any CPU.Build.0 = Debug|Any CPU
		{2C71B92D-3A30-4B37-BB6D-4E7BA55A99D7}.Release|Any CPU.ActiveCfg = Release|Any CPU
		{2C71B92D-3A30-4B37-BB6D-4E7BA55A99D7}.Release|Any CPU.Build.0 = Release|Any CPU
		{70BA1E4C-B86E-4F57-8B6D-EB9EA3E5C0D2}.Debug|Any CPU.ActiveCfg = Debug|Any CPU
		{70BA1E4C-B86E-4F57-8B6D-EB9EA3E5C0D2}.Debug|Any CPU.Build.0 = Debug|Any CPU
		{70BA1E4C-B86E-4F57-8B6D-EB9EA3E5C0D2}.Release|Any CPU.ActiveCfg = Release|Any CPU
		{70BA1E4C-B86E-4F57-8B6D-EB9EA3E5C0D2}.Release|Any CPU.Build.0 = Release|Any CPU
		{92DB81E1-0367-4A4C-A259-BDF2D18C3964}.Debug|Any CPU.ActiveCfg = Debug|Any CPU
		{92DB81E1-0367-4A4C-A259-BDF2D18C3964}.Debug|Any CPU.Build.0 = Debug|Any CPU
		{92DB81E1-0367-4A4C-A259-BDF2D18C3964}.Release|Any CPU.ActiveCfg = Release|Any CPU
		{92DB81E1-0367-4A4C-A259-BDF2D18C3964}.Release|Any CPU.Build.0 = Release|Any CPU
		{6DCE95FC-ECAB-4AA4-97E5-35CA6B31CC06}.Debug|Any CPU.ActiveCfg = Debug|Any CPU
		{6DCE95FC-ECAB-4AA4-97E5-35CA6B31CC06}.Debug|Any CPU.Build.0 = Debug|Any CPU
		{6DCE95FC-ECAB-4AA4-97E5-35CA6B31CC06}.Release|Any CPU.ActiveCfg = Release|Any CPU
		{6DCE95FC-ECAB-4AA4-97E5-35CA6B31CC06}.Release|Any CPU.Build.0 = Release|Any CPU
		{B1A78125-B785-4BBD-B69C-9507BCA8E78B}.Debug|Any CPU.ActiveCfg = Debug|Any CPU
		{B1A78125-B785-4BBD-B69C-9507BCA8E78B}.Debug|Any CPU.Build.0 = Debug|Any CPU
		{B1A78125-B785-4BBD-B69C-9507BCA8E78B}.Release|Any CPU.ActiveCfg = Release|Any CPU
		{B1A78125-B785-4BBD-B69C-9507BCA8E78B}.Release|Any CPU.Build.0 = Release|Any CPU
		{689A81F8-1651-47A6-8C1C-A0A04BDC839D}.Debug|Any CPU.ActiveCfg = Debug|Any CPU
		{689A81F8-1651-47A6-8C1C-A0A04BDC839D}.Debug|Any CPU.Build.0 = Debug|Any CPU
		{689A81F8-1651-47A6-8C1C-A0A04BDC839D}.Release|Any CPU.ActiveCfg = Release|Any CPU
		{689A81F8-1651-47A6-8C1C-A0A04BDC839D}.Release|Any CPU.Build.0 = Release|Any CPU
	EndGlobalSection
	GlobalSection(SolutionProperties) = preSolution
		HideSolutionNode = FALSE
	EndGlobalSection
	GlobalSection(NestedProjects) = preSolution
		{CC4A3B43-3EE5-49F3-8830-DEAD2C609981} = {43044155-22BA-4417-B38F-CE59527C5317}
		{C5735C4E-975A-457C-9D8B-BD1A09C7A941} = {43044155-22BA-4417-B38F-CE59527C5317}
		{8D73569C-CC5D-43D6-B9E3-80F5BABAC56C} = {43044155-22BA-4417-B38F-CE59527C5317}
		{248CD6FB-CCDE-4090-A68C-BDE5053FA72C} = {43044155-22BA-4417-B38F-CE59527C5317}
		{2C71B92D-3A30-4B37-BB6D-4E7BA55A99D7} = {CC4A3B43-3EE5-49F3-8830-DEAD2C609981}
		{70BA1E4C-B86E-4F57-8B6D-EB9EA3E5C0D2} = {CC4A3B43-3EE5-49F3-8830-DEAD2C609981}
		{92DB81E1-0367-4A4C-A259-BDF2D18C3964} = {C5735C4E-975A-457C-9D8B-BD1A09C7A941}
		{6DCE95FC-ECAB-4AA4-97E5-35CA6B31CC06} = {C5735C4E-975A-457C-9D8B-BD1A09C7A941}
		{B1A78125-B785-4BBD-B69C-9507BCA8E78B} = {8D73569C-CC5D-43D6-B9E3-80F5BABAC56C}
		{689A81F8-1651-47A6-8C1C-A0A04BDC839D} = {248CD6FB-CCDE-4090-A68C-BDE5053FA72C}
	EndGlobalSection
	GlobalSection(ExtensibilityGlobals) = postSolution
		SolutionGuid = {1B84BBEE-2DE8-4F9B-A7D3-B88A89F97FD0}
	EndGlobalSection
EndGlobal
